
Microsoft Visual Studio Solution File, Format Version 12.00
# Visual Studio Version 17
VisualStudioVersion = 17.0.31612.314
MinimumVisualStudioVersion = 10.0.40219.1
Project("{9A19103F-16F7-4668-BE54-9A1E7A4F7556}") = "Gentings.Storages", "Gentings.Storages\Gentings.Storages.csproj", "{CC7EBBAF-1A8B-4B17-B171-4AED5890D453}"
EndProject
Project("{9A19103F-16F7-4668-BE54-9A1E7A4F7556}") = "Gentings.AspNetCore", "Gentings.AspNetCore\Gentings.AspNetCore.csproj", "{4520AA65-E8C0-4365-BCD3-4C3DD33846FA}"
EndProject
Project("{9A19103F-16F7-4668-BE54-9A1E7A4F7556}") = "Gentings.Extensions", "Gentings.Extensions\Gentings.Extensions.csproj", "{2945363D-BC76-4C85-92BD-FE110D740F3B}"
EndProject
Project("{9A19103F-16F7-4668-BE54-9A1E7A4F7556}") = "Gentings.Data.SqlServer", "Gentings.Data.SqlServer\Gentings.Data.SqlServer.csproj", "{494573D4-AADA-44A3-B7F0-47D2DA711FD8}"
EndProject
Project("{9A19103F-16F7-4668-BE54-9A1E7A4F7556}") = "Gentings.RabbitMQ", "Gentings.RabbitMQ\Gentings.RabbitMQ.csproj", "{C43F3E43-3DD3-4D70-B4DB-2AB1EC30B69B}"
EndProject
Project("{9A19103F-16F7-4668-BE54-9A1E7A4F7556}") = "Gentings.Saas", "Gentings.Saas\Gentings.Saas.csproj", "{E5AC02DD-E779-4EB1-AC69-4F2EE7E828CE}"
EndProject
Project("{9A19103F-16F7-4668-BE54-9A1E7A4F7556}") = "Gentings", "Gentings\Gentings.csproj", "{E52A6FA5-0619-4636-9F00-AC8426CB54F8}"
EndProject
Project("{9A19103F-16F7-4668-BE54-9A1E7A4F7556}") = "Gentings.Security", "Gentings.Security\Gentings.Security.csproj", "{A6420735-D4C9-4705-A904-371B7A21701B}"
EndProject
Project("{9A19103F-16F7-4668-BE54-9A1E7A4F7556}") = "Gentings.Utilities", "Gentings.Utilities\Gentings.Utilities.csproj", "{06C78F72-967A-4A06-B28E-4923C100E2D2}"
EndProject
Project("{9A19103F-16F7-4668-BE54-9A1E7A4F7556}") = "Gentings.Data.Sqlite", "Gentings.Data.Sqlite\Gentings.Data.Sqlite.csproj", "{D15BA641-26D2-448E-A06D-5F4761ADF131}"
EndProject
Project("{9A19103F-16F7-4668-BE54-9A1E7A4F7556}") = "GS", "GS\GS.csproj", "{6F2FFF8E-9E83-4DD8-9005-4AEAE79EB465}"
EndProject
Project("{9A19103F-16F7-4668-BE54-9A1E7A4F7556}") = "Gentings.AspNetCore.Tasks", "Gentings.AspNetCore.Tasks\Gentings.AspNetCore.Tasks.csproj", "{F1A58303-05D7-4206-A506-E464506A9EF4}"
EndProject
Project("{9A19103F-16F7-4668-BE54-9A1E7A4F7556}") = "Gentings.AspNetCore.Emails", "Gentings.AspNetCore.Emails\Gentings.AspNetCore.Emails.csproj", "{9B0164AF-EF91-40B0-AAF4-534DC358C7EF}"
EndProject
Project("{9A19103F-16F7-4668-BE54-9A1E7A4F7556}") = "Gentings.AspNetCore.Storages", "Gentings.AspNetCore.Storages\Gentings.AspNetCore.Storages.csproj", "{33E5D503-47C6-4BCA-817C-AF2750BF220D}"
EndProject
Project("{9A19103F-16F7-4668-BE54-9A1E7A4F7556}") = "Gentings.AspNetCore.Events", "Gentings.AspNetCore.Events\Gentings.AspNetCore.Events.csproj", "{09DE00F6-CC00-4149-9149-B940C62DD334}"
EndProject
Project("{9A19103F-16F7-4668-BE54-9A1E7A4F7556}") = "Gentings.AspNetCore.NamedStrings", "Gentings.AspNetCore.NamedStrings\Gentings.AspNetCore.NamedStrings.csproj", "{3FA10422-0E80-46B4-A1D8-F8A6690C4136}"
EndProject
Project("{9A19103F-16F7-4668-BE54-9A1E7A4F7556}") = "Gentings.AspNetCore.SensitiveWords", "Gentings.AspNetCore.SensitiveWords\Gentings.AspNetCore.SensitiveWords.csproj", "{1448AFBF-E1EC-46FD-8A7A-DEE82948F38E}"
EndProject
Project("{9A19103F-16F7-4668-BE54-9A1E7A4F7556}") = "Gentings.AspNetCore.OpenServices", "Gentings.AspNetCore.OpenServices\Gentings.AspNetCore.OpenServices.csproj", "{72B97FEE-C7F1-4753-9048-7F864770C8D7}"
EndProject
Project("{9A19103F-16F7-4668-BE54-9A1E7A4F7556}") = "Gentings.Extensions.OpenServices", "Gentings.Extensions.OpenServices\Gentings.Extensions.OpenServices.csproj", "{3CEC8478-6B48-489B-A709-321B7A8222FA}"
EndProject
Project("{9A19103F-16F7-4668-BE54-9A1E7A4F7556}") = "Gentings.AspNetCore.Docs", "Gentings.AspNetCore.Docs\Gentings.AspNetCore.Docs.csproj", "{B53767D7-54B3-41D7-8962-A51021868A03}"
EndProject
Global
	GlobalSection(SolutionConfigurationPlatforms) = preSolution
		Debug|Any CPU = Debug|Any CPU
		Debug|x86 = Debug|x86
		Release|Any CPU = Release|Any CPU
		Release|x86 = Release|x86
	EndGlobalSection
	GlobalSection(ProjectConfigurationPlatforms) = postSolution
		{CC7EBBAF-1A8B-4B17-B171-4AED5890D453}.Debug|Any CPU.ActiveCfg = Debug|Any CPU
		{CC7EBBAF-1A8B-4B17-B171-4AED5890D453}.Debug|Any CPU.Build.0 = Debug|Any CPU
		{CC7EBBAF-1A8B-4B17-B171-4AED5890D453}.Debug|x86.ActiveCfg = Debug|Any CPU
		{CC7EBBAF-1A8B-4B17-B171-4AED5890D453}.Debug|x86.Build.0 = Debug|Any CPU
		{CC7EBBAF-1A8B-4B17-B171-4AED5890D453}.Release|Any CPU.ActiveCfg = Release|Any CPU
		{CC7EBBAF-1A8B-4B17-B171-4AED5890D453}.Release|Any CPU.Build.0 = Release|Any CPU
		{CC7EBBAF-1A8B-4B17-B171-4AED5890D453}.Release|x86.ActiveCfg = Release|Any CPU
		{CC7EBBAF-1A8B-4B17-B171-4AED5890D453}.Release|x86.Build.0 = Release|Any CPU
		{4520AA65-E8C0-4365-BCD3-4C3DD33846FA}.Debug|Any CPU.ActiveCfg = Debug|Any CPU
		{4520AA65-E8C0-4365-BCD3-4C3DD33846FA}.Debug|Any CPU.Build.0 = Debug|Any CPU
		{4520AA65-E8C0-4365-BCD3-4C3DD33846FA}.Debug|x86.ActiveCfg = Debug|Any CPU
		{4520AA65-E8C0-4365-BCD3-4C3DD33846FA}.Debug|x86.Build.0 = Debug|Any CPU
		{4520AA65-E8C0-4365-BCD3-4C3DD33846FA}.Release|Any CPU.ActiveCfg = Release|Any CPU
		{4520AA65-E8C0-4365-BCD3-4C3DD33846FA}.Release|Any CPU.Build.0 = Release|Any CPU
		{4520AA65-E8C0-4365-BCD3-4C3DD33846FA}.Release|x86.ActiveCfg = Release|Any CPU
		{4520AA65-E8C0-4365-BCD3-4C3DD33846FA}.Release|x86.Build.0 = Release|Any CPU
		{2945363D-BC76-4C85-92BD-FE110D740F3B}.Debug|Any CPU.ActiveCfg = Debug|Any CPU
		{2945363D-BC76-4C85-92BD-FE110D740F3B}.Debug|Any CPU.Build.0 = Debug|Any CPU
		{2945363D-BC76-4C85-92BD-FE110D740F3B}.Debug|x86.ActiveCfg = Debug|Any CPU
		{2945363D-BC76-4C85-92BD-FE110D740F3B}.Debug|x86.Build.0 = Debug|Any CPU
		{2945363D-BC76-4C85-92BD-FE110D740F3B}.Release|Any CPU.ActiveCfg = Release|Any CPU
		{2945363D-BC76-4C85-92BD-FE110D740F3B}.Release|Any CPU.Build.0 = Release|Any CPU
		{2945363D-BC76-4C85-92BD-FE110D740F3B}.Release|x86.ActiveCfg = Release|Any CPU
		{2945363D-BC76-4C85-92BD-FE110D740F3B}.Release|x86.Build.0 = Release|Any CPU
		{494573D4-AADA-44A3-B7F0-47D2DA711FD8}.Debug|Any CPU.ActiveCfg = Debug|Any CPU
		{494573D4-AADA-44A3-B7F0-47D2DA711FD8}.Debug|Any CPU.Build.0 = Debug|Any CPU
		{494573D4-AADA-44A3-B7F0-47D2DA711FD8}.Debug|x86.ActiveCfg = Debug|Any CPU
		{494573D4-AADA-44A3-B7F0-47D2DA711FD8}.Debug|x86.Build.0 = Debug|Any CPU
		{494573D4-AADA-44A3-B7F0-47D2DA711FD8}.Release|Any CPU.ActiveCfg = Release|Any CPU
		{494573D4-AADA-44A3-B7F0-47D2DA711FD8}.Release|Any CPU.Build.0 = Release|Any CPU
		{494573D4-AADA-44A3-B7F0-47D2DA711FD8}.Release|x86.ActiveCfg = Release|Any CPU
		{494573D4-AADA-44A3-B7F0-47D2DA711FD8}.Release|x86.Build.0 = Release|Any CPU
		{C43F3E43-3DD3-4D70-B4DB-2AB1EC30B69B}.Debug|Any CPU.ActiveCfg = Debug|Any CPU
		{C43F3E43-3DD3-4D70-B4DB-2AB1EC30B69B}.Debug|Any CPU.Build.0 = Debug|Any CPU
		{C43F3E43-3DD3-4D70-B4DB-2AB1EC30B69B}.Debug|x86.ActiveCfg = Debug|Any CPU
		{C43F3E43-3DD3-4D70-B4DB-2AB1EC30B69B}.Debug|x86.Build.0 = Debug|Any CPU
		{C43F3E43-3DD3-4D70-B4DB-2AB1EC30B69B}.Release|Any CPU.ActiveCfg = Release|Any CPU
		{C43F3E43-3DD3-4D70-B4DB-2AB1EC30B69B}.Release|Any CPU.Build.0 = Release|Any CPU
		{C43F3E43-3DD3-4D70-B4DB-2AB1EC30B69B}.Release|x86.ActiveCfg = Release|Any CPU
		{C43F3E43-3DD3-4D70-B4DB-2AB1EC30B69B}.Release|x86.Build.0 = Release|Any CPU
		{E5AC02DD-E779-4EB1-AC69-4F2EE7E828CE}.Debug|Any CPU.ActiveCfg = Debug|Any CPU
		{E5AC02DD-E779-4EB1-AC69-4F2EE7E828CE}.Debug|Any CPU.Build.0 = Debug|Any CPU
		{E5AC02DD-E779-4EB1-AC69-4F2EE7E828CE}.Debug|x86.ActiveCfg = Debug|Any CPU
		{E5AC02DD-E779-4EB1-AC69-4F2EE7E828CE}.Debug|x86.Build.0 = Debug|Any CPU
		{E5AC02DD-E779-4EB1-AC69-4F2EE7E828CE}.Release|Any CPU.ActiveCfg = Release|Any CPU
		{E5AC02DD-E779-4EB1-AC69-4F2EE7E828CE}.Release|Any CPU.Build.0 = Release|Any CPU
		{E5AC02DD-E779-4EB1-AC69-4F2EE7E828CE}.Release|x86.ActiveCfg = Release|Any CPU
		{E5AC02DD-E779-4EB1-AC69-4F2EE7E828CE}.Release|x86.Build.0 = Release|Any CPU
		{E52A6FA5-0619-4636-9F00-AC8426CB54F8}.Debug|Any CPU.ActiveCfg = Debug|Any CPU
		{E52A6FA5-0619-4636-9F00-AC8426CB54F8}.Debug|Any CPU.Build.0 = Debug|Any CPU
		{E52A6FA5-0619-4636-9F00-AC8426CB54F8}.Debug|x86.ActiveCfg = Debug|Any CPU
		{E52A6FA5-0619-4636-9F00-AC8426CB54F8}.Debug|x86.Build.0 = Debug|Any CPU
		{E52A6FA5-0619-4636-9F00-AC8426CB54F8}.Release|Any CPU.ActiveCfg = Release|Any CPU
		{E52A6FA5-0619-4636-9F00-AC8426CB54F8}.Release|Any CPU.Build.0 = Release|Any CPU
		{E52A6FA5-0619-4636-9F00-AC8426CB54F8}.Release|x86.ActiveCfg = Release|Any CPU
		{E52A6FA5-0619-4636-9F00-AC8426CB54F8}.Release|x86.Build.0 = Release|Any CPU
		{A6420735-D4C9-4705-A904-371B7A21701B}.Debug|Any CPU.ActiveCfg = Debug|Any CPU
		{A6420735-D4C9-4705-A904-371B7A21701B}.Debug|Any CPU.Build.0 = Debug|Any CPU
		{A6420735-D4C9-4705-A904-371B7A21701B}.Debug|x86.ActiveCfg = Debug|Any CPU
		{A6420735-D4C9-4705-A904-371B7A21701B}.Debug|x86.Build.0 = Debug|Any CPU
		{A6420735-D4C9-4705-A904-371B7A21701B}.Release|Any CPU.ActiveCfg = Release|Any CPU
		{A6420735-D4C9-4705-A904-371B7A21701B}.Release|Any CPU.Build.0 = Release|Any CPU
		{A6420735-D4C9-4705-A904-371B7A21701B}.Release|x86.ActiveCfg = Release|Any CPU
		{A6420735-D4C9-4705-A904-371B7A21701B}.Release|x86.Build.0 = Release|Any CPU
		{06C78F72-967A-4A06-B28E-4923C100E2D2}.Debug|Any CPU.ActiveCfg = Debug|Any CPU
		{06C78F72-967A-4A06-B28E-4923C100E2D2}.Debug|Any CPU.Build.0 = Debug|Any CPU
		{06C78F72-967A-4A06-B28E-4923C100E2D2}.Debug|x86.ActiveCfg = Debug|Any CPU
		{06C78F72-967A-4A06-B28E-4923C100E2D2}.Debug|x86.Build.0 = Debug|Any CPU
		{06C78F72-967A-4A06-B28E-4923C100E2D2}.Release|Any CPU.ActiveCfg = Release|Any CPU
		{06C78F72-967A-4A06-B28E-4923C100E2D2}.Release|Any CPU.Build.0 = Release|Any CPU
		{06C78F72-967A-4A06-B28E-4923C100E2D2}.Release|x86.ActiveCfg = Release|Any CPU
		{06C78F72-967A-4A06-B28E-4923C100E2D2}.Release|x86.Build.0 = Release|Any CPU
		{D15BA641-26D2-448E-A06D-5F4761ADF131}.Debug|Any CPU.ActiveCfg = Debug|Any CPU
		{D15BA641-26D2-448E-A06D-5F4761ADF131}.Debug|Any CPU.Build.0 = Debug|Any CPU
		{D15BA641-26D2-448E-A06D-5F4761ADF131}.Debug|x86.ActiveCfg = Debug|Any CPU
		{D15BA641-26D2-448E-A06D-5F4761ADF131}.Release|Any CPU.ActiveCfg = Release|Any CPU
		{D15BA641-26D2-448E-A06D-5F4761ADF131}.Release|Any CPU.Build.0 = Release|Any CPU
		{D15BA641-26D2-448E-A06D-5F4761ADF131}.Release|x86.ActiveCfg = Release|Any CPU
		{6F2FFF8E-9E83-4DD8-9005-4AEAE79EB465}.Debug|Any CPU.ActiveCfg = Debug|Any CPU
		{6F2FFF8E-9E83-4DD8-9005-4AEAE79EB465}.Debug|Any CPU.Build.0 = Debug|Any CPU
		{6F2FFF8E-9E83-4DD8-9005-4AEAE79EB465}.Debug|x86.ActiveCfg = Debug|Any CPU
		{6F2FFF8E-9E83-4DD8-9005-4AEAE79EB465}.Debug|x86.Build.0 = Debug|Any CPU
		{6F2FFF8E-9E83-4DD8-9005-4AEAE79EB465}.Release|Any CPU.ActiveCfg = Release|Any CPU
		{6F2FFF8E-9E83-4DD8-9005-4AEAE79EB465}.Release|Any CPU.Build.0 = Release|Any CPU
		{6F2FFF8E-9E83-4DD8-9005-4AEAE79EB465}.Release|x86.ActiveCfg = Release|Any CPU
		{6F2FFF8E-9E83-4DD8-9005-4AEAE79EB465}.Release|x86.Build.0 = Release|Any CPU
		{F1A58303-05D7-4206-A506-E464506A9EF4}.Debug|Any CPU.ActiveCfg = Debug|Any CPU
		{F1A58303-05D7-4206-A506-E464506A9EF4}.Debug|Any CPU.Build.0 = Debug|Any CPU
		{F1A58303-05D7-4206-A506-E464506A9EF4}.Debug|x86.ActiveCfg = Debug|Any CPU
		{F1A58303-05D7-4206-A506-E464506A9EF4}.Debug|x86.Build.0 = Debug|Any CPU
		{F1A58303-05D7-4206-A506-E464506A9EF4}.Release|Any CPU.ActiveCfg = Release|Any CPU
		{F1A58303-05D7-4206-A506-E464506A9EF4}.Release|Any CPU.Build.0 = Release|Any CPU
		{F1A58303-05D7-4206-A506-E464506A9EF4}.Release|x86.ActiveCfg = Release|Any CPU
		{F1A58303-05D7-4206-A506-E464506A9EF4}.Release|x86.Build.0 = Release|Any CPU
		{9B0164AF-EF91-40B0-AAF4-534DC358C7EF}.Debug|Any CPU.ActiveCfg = Debug|Any CPU
		{9B0164AF-EF91-40B0-AAF4-534DC358C7EF}.Debug|Any CPU.Build.0 = Debug|Any CPU
		{9B0164AF-EF91-40B0-AAF4-534DC358C7EF}.Debug|x86.ActiveCfg = Debug|Any CPU
		{9B0164AF-EF91-40B0-AAF4-534DC358C7EF}.Debug|x86.Build.0 = Debug|Any CPU
		{9B0164AF-EF91-40B0-AAF4-534DC358C7EF}.Release|Any CPU.ActiveCfg = Release|Any CPU
		{9B0164AF-EF91-40B0-AAF4-534DC358C7EF}.Release|Any CPU.Build.0 = Release|Any CPU
		{9B0164AF-EF91-40B0-AAF4-534DC358C7EF}.Release|x86.ActiveCfg = Release|Any CPU
		{9B0164AF-EF91-40B0-AAF4-534DC358C7EF}.Release|x86.Build.0 = Release|Any CPU
		{33E5D503-47C6-4BCA-817C-AF2750BF220D}.Debug|Any CPU.ActiveCfg = Debug|Any CPU
		{33E5D503-47C6-4BCA-817C-AF2750BF220D}.Debug|Any CPU.Build.0 = Debug|Any CPU
		{33E5D503-47C6-4BCA-817C-AF2750BF220D}.Debug|x86.ActiveCfg = Debug|Any CPU
		{33E5D503-47C6-4BCA-817C-AF2750BF220D}.Debug|x86.Build.0 = Debug|Any CPU
		{33E5D503-47C6-4BCA-817C-AF2750BF220D}.Release|Any CPU.ActiveCfg = Release|Any CPU
		{33E5D503-47C6-4BCA-817C-AF2750BF220D}.Release|Any CPU.Build.0 = Release|Any CPU
		{33E5D503-47C6-4BCA-817C-AF2750BF220D}.Release|x86.ActiveCfg = Release|Any CPU
		{33E5D503-47C6-4BCA-817C-AF2750BF220D}.Release|x86.Build.0 = Release|Any CPU
		{09DE00F6-CC00-4149-9149-B940C62DD334}.Debug|Any CPU.ActiveCfg = Debug|Any CPU
		{09DE00F6-CC00-4149-9149-B940C62DD334}.Debug|Any CPU.Build.0 = Debug|Any CPU
		{09DE00F6-CC00-4149-9149-B940C62DD334}.Debug|x86.ActiveCfg = Debug|Any CPU
		{09DE00F6-CC00-4149-9149-B940C62DD334}.Debug|x86.Build.0 = Debug|Any CPU
		{09DE00F6-CC00-4149-9149-B940C62DD334}.Release|Any CPU.ActiveCfg = Release|Any CPU
		{09DE00F6-CC00-4149-9149-B940C62DD334}.Release|Any CPU.Build.0 = Release|Any CPU
		{09DE00F6-CC00-4149-9149-B940C62DD334}.Release|x86.ActiveCfg = Release|Any CPU
		{09DE00F6-CC00-4149-9149-B940C62DD334}.Release|x86.Build.0 = Release|Any CPU
		{3FA10422-0E80-46B4-A1D8-F8A6690C4136}.Debug|Any CPU.ActiveCfg = Debug|Any CPU
		{3FA10422-0E80-46B4-A1D8-F8A6690C4136}.Debug|Any CPU.Build.0 = Debug|Any CPU
		{3FA10422-0E80-46B4-A1D8-F8A6690C4136}.Debug|x86.ActiveCfg = Debug|Any CPU
		{3FA10422-0E80-46B4-A1D8-F8A6690C4136}.Debug|x86.Build.0 = Debug|Any CPU
		{3FA10422-0E80-46B4-A1D8-F8A6690C4136}.Release|Any CPU.ActiveCfg = Release|Any CPU
		{3FA10422-0E80-46B4-A1D8-F8A6690C4136}.Release|Any CPU.Build.0 = Release|Any CPU
		{3FA10422-0E80-46B4-A1D8-F8A6690C4136}.Release|x86.ActiveCfg = Release|Any CPU
		{3FA10422-0E80-46B4-A1D8-F8A6690C4136}.Release|x86.Build.0 = Release|Any CPU
		{1448AFBF-E1EC-46FD-8A7A-DEE82948F38E}.Debug|Any CPU.ActiveCfg = Debug|Any CPU
		{1448AFBF-E1EC-46FD-8A7A-DEE82948F38E}.Debug|Any CPU.Build.0 = Debug|Any CPU
		{1448AFBF-E1EC-46FD-8A7A-DEE82948F38E}.Debug|x86.ActiveCfg = Debug|Any CPU
		{1448AFBF-E1EC-46FD-8A7A-DEE82948F38E}.Debug|x86.Build.0 = Debug|Any CPU
		{1448AFBF-E1EC-46FD-8A7A-DEE82948F38E}.Release|Any CPU.ActiveCfg = Release|Any CPU
		{1448AFBF-E1EC-46FD-8A7A-DEE82948F38E}.Release|Any CPU.Build.0 = Release|Any CPU
		{1448AFBF-E1EC-46FD-8A7A-DEE82948F38E}.Release|x86.ActiveCfg = Release|Any CPU
		{1448AFBF-E1EC-46FD-8A7A-DEE82948F38E}.Release|x86.Build.0 = Release|Any CPU
		{72B97FEE-C7F1-4753-9048-7F864770C8D7}.Debug|Any CPU.ActiveCfg = Debug|Any CPU
		{72B97FEE-C7F1-4753-9048-7F864770C8D7}.Debug|Any CPU.Build.0 = Debug|Any CPU
		{72B97FEE-C7F1-4753-9048-7F864770C8D7}.Debug|x86.ActiveCfg = Debug|Any CPU
		{72B97FEE-C7F1-4753-9048-7F864770C8D7}.Debug|x86.Build.0 = Debug|Any CPU
		{72B97FEE-C7F1-4753-9048-7F864770C8D7}.Release|Any CPU.ActiveCfg = Release|Any CPU
		{72B97FEE-C7F1-4753-9048-7F864770C8D7}.Release|Any CPU.Build.0 = Release|Any CPU
		{72B97FEE-C7F1-4753-9048-7F864770C8D7}.Release|x86.ActiveCfg = Release|Any CPU
		{72B97FEE-C7F1-4753-9048-7F864770C8D7}.Release|x86.Build.0 = Release|Any CPU
		{3CEC8478-6B48-489B-A709-321B7A8222FA}.Debug|Any CPU.ActiveCfg = Debug|Any CPU
		{3CEC8478-6B48-489B-A709-321B7A8222FA}.Debug|Any CPU.Build.0 = Debug|Any CPU
		{3CEC8478-6B48-489B-A709-321B7A8222FA}.Debug|x86.ActiveCfg = Debug|Any CPU
		{3CEC8478-6B48-489B-A709-321B7A8222FA}.Debug|x86.Build.0 = Debug|Any CPU
		{3CEC8478-6B48-489B-A709-321B7A8222FA}.Release|Any CPU.ActiveCfg = Release|Any CPU
		{3CEC8478-6B48-489B-A709-321B7A8222FA}.Release|Any CPU.Build.0 = Release|Any CPU
		{3CEC8478-6B48-489B-A709-321B7A8222FA}.Release|x86.ActiveCfg = Release|Any CPU
		{3CEC8478-6B48-489B-A709-321B7A8222FA}.Release|x86.Build.0 = Release|Any CPU
		{B53767D7-54B3-41D7-8962-A51021868A03}.Debug|Any CPU.ActiveCfg = Debug|Any CPU
		{B53767D7-54B3-41D7-8962-A51021868A03}.Debug|Any CPU.Build.0 = Debug|Any CPU
		{B53767D7-54B3-41D7-8962-A51021868A03}.Debug|x86.ActiveCfg = Debug|Any CPU
		{B53767D7-54B3-41D7-8962-A51021868A03}.Debug|x86.Build.0 = Debug|Any CPU
		{B53767D7-54B3-41D7-8962-A51021868A03}.Release|Any CPU.ActiveCfg = Release|Any CPU
		{B53767D7-54B3-41D7-8962-A51021868A03}.Release|Any CPU.Build.0 = Release|Any CPU
		{B53767D7-54B3-41D7-8962-A51021868A03}.Release|x86.ActiveCfg = Release|Any CPU
		{B53767D7-54B3-41D7-8962-A51021868A03}.Release|x86.Build.0 = Release|Any CPU
	EndGlobalSection
	GlobalSection(SolutionProperties) = preSolution
		HideSolutionNode = FALSE
	EndGlobalSection
	GlobalSection(ExtensibilityGlobals) = postSolution
		SolutionGuid = {CBA3B7D1-1639-4554-A920-292E21F2FCF7}
	EndGlobalSection
EndGlobal
