
Microsoft Visual Studio Solution File, Format Version 12.00
# Visual Studio Version 16
VisualStudioVersion = 16.0.29613.14
MinimumVisualStudioVersion = 10.0.40219.1
Project("{9A19103F-16F7-4668-BE54-9A1E7A4F7556}") = "Gentings", "Gentings\Gentings.csproj", "{9652EDA6-1B86-4A8C-B600-6EA80BAA3479}"
EndProject
Project("{9A19103F-16F7-4668-BE54-9A1E7A4F7556}") = "Gentings.Identity", "Gentings.Identity\Gentings.Identity.csproj", "{5CFC91CD-F40A-4CCF-BD91-B2A799BCC80B}"
EndProject
Project("{9A19103F-16F7-4668-BE54-9A1E7A4F7556}") = "Gentings.Storages", "Gentings.Storages\Gentings.Storages.csproj", "{CC7EBBAF-1A8B-4B17-B171-4AED5890D453}"
EndProject
Project("{9A19103F-16F7-4668-BE54-9A1E7A4F7556}") = "Gentings.Core", "Gentings.Core\Gentings.Core.csproj", "{0AB33E8D-54E4-4924-AC8F-E750E746B331}"
EndProject
Project("{9A19103F-16F7-4668-BE54-9A1E7A4F7556}") = "Gentings.AspNetCore", "Gentings.AspNetCore\Gentings.AspNetCore.csproj", "{4520AA65-E8C0-4365-BCD3-4C3DD33846FA}"
EndProject
Project("{9A19103F-16F7-4668-BE54-9A1E7A4F7556}") = "Gentings.Extensions", "Gentings.Extensions\Gentings.Extensions.csproj", "{2945363D-BC76-4C85-92BD-FE110D740F3B}"
EndProject
Project("{9A19103F-16F7-4668-BE54-9A1E7A4F7556}") = "Gentings.Offices", "Gentings.Offices\Gentings.Offices.csproj", "{F2B159BA-3085-4B6E-AD4C-F5FA6A61DF33}"
EndProject
Project("{FAE04EC0-301F-11D3-BF4B-00C04F79EFBC}") = "Gentings.Sites", "Gentings.Sites\Gentings.Sites.csproj", "{1AF40A3C-CE75-4CF7-AC1B-F1199E73CE5E}"
EndProject
Project("{FAE04EC0-301F-11D3-BF4B-00C04F79EFBC}") = "Gentings.Encodings", "Gentings.Encodings\Gentings.Encodings.csproj", "{06141021-06D4-4221-813C-1F21AA5E5415}"
EndProject
Project("{FAE04EC0-301F-11D3-BF4B-00C04F79EFBC}") = "Gentings.Data", "Gentings.Data\Gentings.Data.csproj", "{1A9A1DA1-25E0-4742-BF3D-BA4C2EF85EE7}"
EndProject
Project("{FAE04EC0-301F-11D3-BF4B-00C04F79EFBC}") = "Gentings.Tasks", "Gentings.Tasks\Gentings.Tasks.csproj", "{743C3D65-845F-47B5-87EA-9D41575F4EC1}"
EndProject
Global
	GlobalSection(SolutionConfigurationPlatforms) = preSolution
		Debug|Any CPU = Debug|Any CPU
		Release|Any CPU = Release|Any CPU
	EndGlobalSection
	GlobalSection(ProjectConfigurationPlatforms) = postSolution
		{9652EDA6-1B86-4A8C-B600-6EA80BAA3479}.Debug|Any CPU.ActiveCfg = Debug|Any CPU
		{9652EDA6-1B86-4A8C-B600-6EA80BAA3479}.Debug|Any CPU.Build.0 = Debug|Any CPU
		{9652EDA6-1B86-4A8C-B600-6EA80BAA3479}.Release|Any CPU.ActiveCfg = Release|Any CPU
		{9652EDA6-1B86-4A8C-B600-6EA80BAA3479}.Release|Any CPU.Build.0 = Release|Any CPU
		{5CFC91CD-F40A-4CCF-BD91-B2A799BCC80B}.Debug|Any CPU.ActiveCfg = Debug|Any CPU
		{5CFC91CD-F40A-4CCF-BD91-B2A799BCC80B}.Debug|Any CPU.Build.0 = Debug|Any CPU
		{5CFC91CD-F40A-4CCF-BD91-B2A799BCC80B}.Release|Any CPU.ActiveCfg = Release|Any CPU
		{5CFC91CD-F40A-4CCF-BD91-B2A799BCC80B}.Release|Any CPU.Build.0 = Release|Any CPU
		{CC7EBBAF-1A8B-4B17-B171-4AED5890D453}.Debug|Any CPU.ActiveCfg = Debug|Any CPU
		{CC7EBBAF-1A8B-4B17-B171-4AED5890D453}.Debug|Any CPU.Build.0 = Debug|Any CPU
		{CC7EBBAF-1A8B-4B17-B171-4AED5890D453}.Release|Any CPU.ActiveCfg = Release|Any CPU
		{CC7EBBAF-1A8B-4B17-B171-4AED5890D453}.Release|Any CPU.Build.0 = Release|Any CPU
		{0AB33E8D-54E4-4924-AC8F-E750E746B331}.Debug|Any CPU.ActiveCfg = Debug|Any CPU
		{0AB33E8D-54E4-4924-AC8F-E750E746B331}.Debug|Any CPU.Build.0 = Debug|Any CPU
		{0AB33E8D-54E4-4924-AC8F-E750E746B331}.Release|Any CPU.ActiveCfg = Release|Any CPU
		{0AB33E8D-54E4-4924-AC8F-E750E746B331}.Release|Any CPU.Build.0 = Release|Any CPU
		{4520AA65-E8C0-4365-BCD3-4C3DD33846FA}.Debug|Any CPU.ActiveCfg = Debug|Any CPU
		{4520AA65-E8C0-4365-BCD3-4C3DD33846FA}.Debug|Any CPU.Build.0 = Debug|Any CPU
		{4520AA65-E8C0-4365-BCD3-4C3DD33846FA}.Release|Any CPU.ActiveCfg = Release|Any CPU
		{4520AA65-E8C0-4365-BCD3-4C3DD33846FA}.Release|Any CPU.Build.0 = Release|Any CPU
		{2945363D-BC76-4C85-92BD-FE110D740F3B}.Debug|Any CPU.ActiveCfg = Debug|Any CPU
		{2945363D-BC76-4C85-92BD-FE110D740F3B}.Debug|Any CPU.Build.0 = Debug|Any CPU
		{2945363D-BC76-4C85-92BD-FE110D740F3B}.Release|Any CPU.ActiveCfg = Release|Any CPU
		{2945363D-BC76-4C85-92BD-FE110D740F3B}.Release|Any CPU.Build.0 = Release|Any CPU
		{F2B159BA-3085-4B6E-AD4C-F5FA6A61DF33}.Debug|Any CPU.ActiveCfg = Debug|Any CPU
		{F2B159BA-3085-4B6E-AD4C-F5FA6A61DF33}.Debug|Any CPU.Build.0 = Debug|Any CPU
		{F2B159BA-3085-4B6E-AD4C-F5FA6A61DF33}.Release|Any CPU.ActiveCfg = Release|Any CPU
		{F2B159BA-3085-4B6E-AD4C-F5FA6A61DF33}.Release|Any CPU.Build.0 = Release|Any CPU
		{1AF40A3C-CE75-4CF7-AC1B-F1199E73CE5E}.Debug|Any CPU.ActiveCfg = Debug|Any CPU
		{1AF40A3C-CE75-4CF7-AC1B-F1199E73CE5E}.Debug|Any CPU.Build.0 = Debug|Any CPU
		{1AF40A3C-CE75-4CF7-AC1B-F1199E73CE5E}.Release|Any CPU.ActiveCfg = Release|Any CPU
		{1AF40A3C-CE75-4CF7-AC1B-F1199E73CE5E}.Release|Any CPU.Build.0 = Release|Any CPU
		{06141021-06D4-4221-813C-1F21AA5E5415}.Debug|Any CPU.ActiveCfg = Debug|Any CPU
		{06141021-06D4-4221-813C-1F21AA5E5415}.Debug|Any CPU.Build.0 = Debug|Any CPU
		{06141021-06D4-4221-813C-1F21AA5E5415}.Release|Any CPU.ActiveCfg = Release|Any CPU
		{06141021-06D4-4221-813C-1F21AA5E5415}.Release|Any CPU.Build.0 = Release|Any CPU
		{1A9A1DA1-25E0-4742-BF3D-BA4C2EF85EE7}.Debug|Any CPU.ActiveCfg = Debug|Any CPU
		{1A9A1DA1-25E0-4742-BF3D-BA4C2EF85EE7}.Debug|Any CPU.Build.0 = Debug|Any CPU
		{1A9A1DA1-25E0-4742-BF3D-BA4C2EF85EE7}.Release|Any CPU.ActiveCfg = Release|Any CPU
		{1A9A1DA1-25E0-4742-BF3D-BA4C2EF85EE7}.Release|Any CPU.Build.0 = Release|Any CPU
		{743C3D65-845F-47B5-87EA-9D41575F4EC1}.Debug|Any CPU.ActiveCfg = Debug|Any CPU
		{743C3D65-845F-47B5-87EA-9D41575F4EC1}.Debug|Any CPU.Build.0 = Debug|Any CPU
		{743C3D65-845F-47B5-87EA-9D41575F4EC1}.Release|Any CPU.ActiveCfg = Release|Any CPU
		{743C3D65-845F-47B5-87EA-9D41575F4EC1}.Release|Any CPU.Build.0 = Release|Any CPU
	EndGlobalSection
	GlobalSection(SolutionProperties) = preSolution
		HideSolutionNode = FALSE
	EndGlobalSection
	GlobalSection(ExtensibilityGlobals) = postSolution
		SolutionGuid = {CBA3B7D1-1639-4554-A920-292E21F2FCF7}
	EndGlobalSection
EndGlobal
