
Microsoft Visual Studio Solution File, Format Version 12.00
# Visual Studio Version 16
VisualStudioVersion = 16.0.29613.14
MinimumVisualStudioVersion = 10.0.40219.1
Project("{9A19103F-16F7-4668-BE54-9A1E7A4F7556}") = "Gentings", "Gentings\Gentings.csproj", "{9652EDA6-1B86-4A8C-B600-6EA80BAA3479}"
EndProject
Project("{9A19103F-16F7-4668-BE54-9A1E7A4F7556}") = "Gentings.Identity", "Gentings.Identity\Gentings.Identity.csproj", "{5CFC91CD-F40A-4CCF-BD91-B2A799BCC80B}"
EndProject
Project("{9A19103F-16F7-4668-BE54-9A1E7A4F7556}") = "Gentings.Storages", "Gentings.Storages\Gentings.Storages.csproj", "{CC7EBBAF-1A8B-4B17-B171-4AED5890D453}"
EndProject
Project("{9A19103F-16F7-4668-BE54-9A1E7A4F7556}") = "Gentings.AspNetCore.RazorPages", "Gentings.AspNetCore.RazorPages\Gentings.AspNetCore.RazorPages.csproj", "{5BE4B5B4-18A2-47A8-99D4-936BE2A0C99F}"
EndProject
Project("{9A19103F-16F7-4668-BE54-9A1E7A4F7556}") = "Gentings.Core", "Gentings.Core\Gentings.Core.csproj", "{0AB33E8D-54E4-4924-AC8F-E750E746B331}"
EndProject
Project("{9A19103F-16F7-4668-BE54-9A1E7A4F7556}") = "Gentings.Extensions.SMS", "Gentings.Extensions.SMS\Gentings.Extensions.SMS.csproj", "{46E18192-625C-42D3-A6C1-53500E2727FB}"
EndProject
Project("{9A19103F-16F7-4668-BE54-9A1E7A4F7556}") = "Gentings.Extensions.Emails", "Gentings.Extensions.Emails\Gentings.Extensions.Emails.csproj", "{94F99F7A-3FC9-4123-B4C9-2A5D90B56B39}"
EndProject
Project("{9A19103F-16F7-4668-BE54-9A1E7A4F7556}") = "Gentings.AspNetCore.Emails", "Gentings.AspNetCore.Emails\Gentings.AspNetCore.Emails.csproj", "{8A85251C-1F54-4233-827A-3E8450C9EC07}"
EndProject
Project("{FAE04EC0-301F-11D3-BF4B-00C04F79EFBC}") = "Gentings.SaaS", "Gentings.SaaS\Gentings.SaaS.csproj", "{7000C17B-9DE3-4B33-B797-D72EE46636C1}"
EndProject
Global
	GlobalSection(SolutionConfigurationPlatforms) = preSolution
		Debug|Any CPU = Debug|Any CPU
		Release|Any CPU = Release|Any CPU
	EndGlobalSection
	GlobalSection(ProjectConfigurationPlatforms) = postSolution
		{9652EDA6-1B86-4A8C-B600-6EA80BAA3479}.Debug|Any CPU.ActiveCfg = Debug|Any CPU
		{9652EDA6-1B86-4A8C-B600-6EA80BAA3479}.Debug|Any CPU.Build.0 = Debug|Any CPU
		{9652EDA6-1B86-4A8C-B600-6EA80BAA3479}.Release|Any CPU.ActiveCfg = Release|Any CPU
		{9652EDA6-1B86-4A8C-B600-6EA80BAA3479}.Release|Any CPU.Build.0 = Release|Any CPU
		{5CFC91CD-F40A-4CCF-BD91-B2A799BCC80B}.Debug|Any CPU.ActiveCfg = Debug|Any CPU
		{5CFC91CD-F40A-4CCF-BD91-B2A799BCC80B}.Debug|Any CPU.Build.0 = Debug|Any CPU
		{5CFC91CD-F40A-4CCF-BD91-B2A799BCC80B}.Release|Any CPU.ActiveCfg = Release|Any CPU
		{5CFC91CD-F40A-4CCF-BD91-B2A799BCC80B}.Release|Any CPU.Build.0 = Release|Any CPU
		{CC7EBBAF-1A8B-4B17-B171-4AED5890D453}.Debug|Any CPU.ActiveCfg = Debug|Any CPU
		{CC7EBBAF-1A8B-4B17-B171-4AED5890D453}.Debug|Any CPU.Build.0 = Debug|Any CPU
		{CC7EBBAF-1A8B-4B17-B171-4AED5890D453}.Release|Any CPU.ActiveCfg = Release|Any CPU
		{CC7EBBAF-1A8B-4B17-B171-4AED5890D453}.Release|Any CPU.Build.0 = Release|Any CPU
		{5BE4B5B4-18A2-47A8-99D4-936BE2A0C99F}.Debug|Any CPU.ActiveCfg = Debug|Any CPU
		{5BE4B5B4-18A2-47A8-99D4-936BE2A0C99F}.Debug|Any CPU.Build.0 = Debug|Any CPU
		{5BE4B5B4-18A2-47A8-99D4-936BE2A0C99F}.Release|Any CPU.ActiveCfg = Release|Any CPU
		{5BE4B5B4-18A2-47A8-99D4-936BE2A0C99F}.Release|Any CPU.Build.0 = Release|Any CPU
		{0AB33E8D-54E4-4924-AC8F-E750E746B331}.Debug|Any CPU.ActiveCfg = Debug|Any CPU
		{0AB33E8D-54E4-4924-AC8F-E750E746B331}.Debug|Any CPU.Build.0 = Debug|Any CPU
		{0AB33E8D-54E4-4924-AC8F-E750E746B331}.Release|Any CPU.ActiveCfg = Release|Any CPU
		{0AB33E8D-54E4-4924-AC8F-E750E746B331}.Release|Any CPU.Build.0 = Release|Any CPU
		{46E18192-625C-42D3-A6C1-53500E2727FB}.Debug|Any CPU.ActiveCfg = Debug|Any CPU
		{46E18192-625C-42D3-A6C1-53500E2727FB}.Debug|Any CPU.Build.0 = Debug|Any CPU
		{46E18192-625C-42D3-A6C1-53500E2727FB}.Release|Any CPU.ActiveCfg = Release|Any CPU
		{46E18192-625C-42D3-A6C1-53500E2727FB}.Release|Any CPU.Build.0 = Release|Any CPU
		{94F99F7A-3FC9-4123-B4C9-2A5D90B56B39}.Debug|Any CPU.ActiveCfg = Debug|Any CPU
		{94F99F7A-3FC9-4123-B4C9-2A5D90B56B39}.Debug|Any CPU.Build.0 = Debug|Any CPU
		{94F99F7A-3FC9-4123-B4C9-2A5D90B56B39}.Release|Any CPU.ActiveCfg = Release|Any CPU
		{94F99F7A-3FC9-4123-B4C9-2A5D90B56B39}.Release|Any CPU.Build.0 = Release|Any CPU
		{8A85251C-1F54-4233-827A-3E8450C9EC07}.Debug|Any CPU.ActiveCfg = Debug|Any CPU
		{8A85251C-1F54-4233-827A-3E8450C9EC07}.Debug|Any CPU.Build.0 = Debug|Any CPU
		{8A85251C-1F54-4233-827A-3E8450C9EC07}.Release|Any CPU.ActiveCfg = Release|Any CPU
		{8A85251C-1F54-4233-827A-3E8450C9EC07}.Release|Any CPU.Build.0 = Release|Any CPU
		{7000C17B-9DE3-4B33-B797-D72EE46636C1}.Debug|Any CPU.ActiveCfg = Debug|Any CPU
		{7000C17B-9DE3-4B33-B797-D72EE46636C1}.Debug|Any CPU.Build.0 = Debug|Any CPU
		{7000C17B-9DE3-4B33-B797-D72EE46636C1}.Release|Any CPU.ActiveCfg = Release|Any CPU
		{7000C17B-9DE3-4B33-B797-D72EE46636C1}.Release|Any CPU.Build.0 = Release|Any CPU
	EndGlobalSection
	GlobalSection(SolutionProperties) = preSolution
		HideSolutionNode = FALSE
	EndGlobalSection
	GlobalSection(ExtensibilityGlobals) = postSolution
		SolutionGuid = {CBA3B7D1-1639-4554-A920-292E21F2FCF7}
	EndGlobalSection
EndGlobal
